
Microsoft Visual Studio Solution File, Format Version 12.00
# Visual Studio Version 16
VisualStudioVersion = 16.0.30320.27
MinimumVisualStudioVersion = 10.0.40219.1
Project("{FAE04EC0-301F-11D3-BF4B-00C04F79EFBC}") = "GameOFBullsAndCows", "GameOFBullsAndCows\GameOFBullsAndCows.csproj", "{BB2B1925-543B-4F48-8A8D-6B43ABDCB136}"
EndProject
Global
	GlobalSection(SolutionConfigurationPlatforms) = preSolution
		Debug|Any CPU = Debug|Any CPU
		Release|Any CPU = Release|Any CPU
	EndGlobalSection
	GlobalSection(ProjectConfigurationPlatforms) = postSolution
		{BB2B1925-543B-4F48-8A8D-6B43ABDCB136}.Debug|Any CPU.ActiveCfg = Debug|Any CPU
		{BB2B1925-543B-4F48-8A8D-6B43ABDCB136}.Debug|Any CPU.Build.0 = Debug|Any CPU
		{BB2B1925-543B-4F48-8A8D-6B43ABDCB136}.Release|Any CPU.ActiveCfg = Release|Any CPU
		{BB2B1925-543B-4F48-8A8D-6B43ABDCB136}.Release|Any CPU.Build.0 = Release|Any CPU
	EndGlobalSection
	GlobalSection(SolutionProperties) = preSolution
		HideSolutionNode = FALSE
	EndGlobalSection
	GlobalSection(ExtensibilityGlobals) = postSolution
		SolutionGuid = {C0BA8E03-3005-495C-B7A6-45FB2A663B06}
	EndGlobalSection
EndGlobal
